// !$*UTF8*$!
{
	archiveVersion = 1;
	classes = {
	};
	objectVersion = 77;
	objects = {

/* Begin PBXBuildFile section */
		62BF38E22EEB10E3009C9926 /* FirebaseAuth in Frameworks */ = {isa = PBXBuildFile; productRef = 62BF38E12EEB10E3009C9926 /* FirebaseAuth */; };
		62BF38E42EEB10E3009C9926 /* FirebaseCore in Frameworks */ = {isa = PBXBuildFile; productRef = 62BF38E32EEB10E3009C9926 /* FirebaseCore */; };
		62BF38E62EEB10E3009C9926 /* FirebaseFirestore in Frameworks */ = {isa = PBXBuildFile; productRef = 62BF38E52EEB10E3009C9926 /* FirebaseFirestore */; };
/* End PBXBuildFile section */

/* Begin PBXContainerItemProxy section */
		40C4D02C2EDFA46100932EAD /* PBXContainerItemProxy */ = {
			isa = PBXContainerItemProxy;
			containerPortal = 40C4D0162EDFA46000932EAD /* Project object */;
			proxyType = 1;
			remoteGlobalIDString = 40C4D01D2EDFA46000932EAD;
			remoteInfo = Cullinvoice;
		};
		40C4D0362EDFA46100932EAD /* PBXContainerItemProxy */ = {
			isa = PBXContainerItemProxy;
			containerPortal = 40C4D0162EDFA46000932EAD /* Project object */;
			proxyType = 1;
			remoteGlobalIDString = 40C4D01D2EDFA46000932EAD;
			remoteInfo = Cullinvoice;
		};
/* End PBXContainerItemProxy section */

/* Begin PBXFileReference section */
		40C4D01E2EDFA46000932EAD /* Cullinvoice.app */ = {isa = PBXFileReference; explicitFileType = wrapper.application; includeInIndex = 0; path = Cullinvoice.app; sourceTree = BUILT_PRODUCTS_DIR; };
		40C4D02B2EDFA46100932EAD /* CullinvoiceTests.xctest */ = {isa = PBXFileReference; explicitFileType = wrapper.cfbundle; includeInIndex = 0; path = CullinvoiceTests.xctest; sourceTree = BUILT_PRODUCTS_DIR; };
		40C4D0352EDFA46100932EAD /* CullinvoiceUITests.xctest */ = {isa = PBXFileReference; explicitFileType = wrapper.cfbundle; includeInIndex = 0; path = CullinvoiceUITests.xctest; sourceTree = BUILT_PRODUCTS_DIR; };
/* End PBXFileReference section */

/* Begin PBXFileSystemSynchronizedRootGroup section */
		40C4D0202EDFA46000932EAD /* Cullinvoice */ = {
			isa = PBXFileSystemSynchronizedRootGroup;
			path = Cullinvoice;
			sourceTree = "<group>";
		};
		40C4D02E2EDFA46100932EAD /* CullinvoiceTests */ = {
			isa = PBXFileSystemSynchronizedRootGroup;
			path = CullinvoiceTests;
			sourceTree = "<group>";
		};
		40C4D0382EDFA46100932EAD /* CullinvoiceUITests */ = {
			isa = PBXFileSystemSynchronizedRootGroup;
			path = CullinvoiceUITests;
			sourceTree = "<group>";
		};
/* End PBXFileSystemSynchronizedRootGroup section */

/* Begin PBXFrameworksBuildPhase section */
		40C4D01B2EDFA46000932EAD /* Frameworks */ = {
			isa = PBXFrameworksBuildPhase;
			buildActionMask = 2147483647;
			files = (
				62BF38E42EEB10E3009C9926 /* FirebaseCore in Frameworks */,
				62BF38E22EEB10E3009C9926 /* FirebaseAuth in Frameworks */,
				62BF38E62EEB10E3009C9926 /* FirebaseFirestore in Frameworks */,
			);
			runOnlyForDeploymentPostprocessing = 0;
		};
		40C4D0282EDFA46100932EAD /* Frameworks */ = {
			isa = PBXFrameworksBuildPhase;
			buildActionMask = 2147483647;
			files = (
			);
			runOnlyForDeploymentPostprocessing = 0;
		};
		40C4D0322EDFA46100932EAD /* Frameworks */ = {
			isa = PBXFrameworksBuildPhase;
			buildActionMask = 2147483647;
			files = (
			);
			runOnlyForDeploymentPostprocessing = 0;
		};
/* End PBXFrameworksBuildPhase section */

/* Begin PBXGroup section */
		40C4D0152EDFA46000932EAD = {
			isa = PBXGroup;
			children = (
				40C4D0202EDFA46000932EAD /* Cullinvoice */,
				40C4D02E2EDFA46100932EAD /* CullinvoiceTests */,
				40C4D0382EDFA46100932EAD /* CullinvoiceUITests */,
				40C4D01F2EDFA46000932EAD /* Products */,
			);
			sourceTree = "<group>";
		};
		40C4D01F2EDFA46000932EAD /* Products */ = {
			isa = PBXGroup;
			children = (
				40C4D01E2EDFA46000932EAD /* Cullinvoice.app */,
				40C4D02B2EDFA46100932EAD /* CullinvoiceTests.xctest */,
				40C4D0352EDFA46100932EAD /* CullinvoiceUITests.xctest */,
			);
			name = Products;
			sourceTree = "<group>";
		};
/* End PBXGroup section */

/* Begin PBXNativeTarget section */
		40C4D01D2EDFA46000932EAD /* Cullinvoice */ = {
			isa = PBXNativeTarget;
			buildConfigurationList = 40C4D03F2EDFA46100932EAD /* Build configuration list for PBXNativeTarget "Cullinvoice" */;
			buildPhases = (
				40C4D01A2EDFA46000932EAD /* Sources */,
				40C4D01B2EDFA46000932EAD /* Frameworks */,
				40C4D01C2EDFA46000932EAD /* Resources */,
			);
			buildRules = (
			);
			dependencies = (
			);
			fileSystemSynchronizedGroups = (
				40C4D0202EDFA46000932EAD /* Cullinvoice */,
			);
			name = Cullinvoice;
			packageProductDependencies = (
				62BF38E12EEB10E3009C9926 /* FirebaseAuth */,
				62BF38E32EEB10E3009C9926 /* FirebaseCore */,
				62BF38E52EEB10E3009C9926 /* FirebaseFirestore */,
			);
			productName = Cullinvoice;
			productReference = 40C4D01E2EDFA46000932EAD /* Cullinvoice.app */;
			productType = "com.apple.product-type.application";
		};
		40C4D02A2EDFA46100932EAD /* CullinvoiceTests */ = {
			isa = PBXNativeTarget;
			buildConfigurationList = 40C4D0422EDFA46100932EAD /* Build configuration list for PBXNativeTarget "CullinvoiceTests" */;
			buildPhases = (
				40C4D0272EDFA46100932EAD /* Sources */,
				40C4D0282EDFA46100932EAD /* Frameworks */,
				40C4D0292EDFA46100932EAD /* Resources */,
			);
			buildRules = (
			);
			dependencies = (
				40C4D02D2EDFA46100932EAD /* PBXTargetDependency */,
			);
			fileSystemSynchronizedGroups = (
				40C4D02E2EDFA46100932EAD /* CullinvoiceTests */,
			);
			name = CullinvoiceTests;
			packageProductDependencies = (
			);
			productName = CullinvoiceTests;
			productReference = 40C4D02B2EDFA46100932EAD /* CullinvoiceTests.xctest */;
			productType = "com.apple.product-type.bundle.unit-test";
		};
		40C4D0342EDFA46100932EAD /* CullinvoiceUITests */ = {
			isa = PBXNativeTarget;
			buildConfigurationList = 40C4D0452EDFA46100932EAD /* Build configuration list for PBXNativeTarget "CullinvoiceUITests" */;
			buildPhases = (
				40C4D0312EDFA46100932EAD /* Sources */,
				40C4D0322EDFA46100932EAD /* Frameworks */,
				40C4D0332EDFA46100932EAD /* Resources */,
			);
			buildRules = (
			);
			dependencies = (
				40C4D0372EDFA46100932EAD /* PBXTargetDependency */,
			);
			fileSystemSynchronizedGroups = (
				40C4D0382EDFA46100932EAD /* CullinvoiceUITests */,
			);
			name = CullinvoiceUITests;
			packageProductDependencies = (
			);
			productName = CullinvoiceUITests;
			productReference = 40C4D0352EDFA46100932EAD /* CullinvoiceUITests.xctest */;
			productType = "com.apple.product-type.bundle.ui-testing";
		};
/* End PBXNativeTarget section */

/* Begin PBXProject section */
		40C4D0162EDFA46000932EAD /* Project object */ = {
			isa = PBXProject;
			attributes = {
				BuildIndependentTargetsInParallel = 1;
				LastSwiftUpdateCheck = 2610;
				LastUpgradeCheck = 2610;
				TargetAttributes = {
					40C4D01D2EDFA46000932EAD = {
						CreatedOnToolsVersion = 26.1.1;
					};
					40C4D02A2EDFA46100932EAD = {
						CreatedOnToolsVersion = 26.1.1;
						TestTargetID = 40C4D01D2EDFA46000932EAD;
					};
					40C4D0342EDFA46100932EAD = {
						CreatedOnToolsVersion = 26.1.1;
						TestTargetID = 40C4D01D2EDFA46000932EAD;
					};
				};
			};
			buildConfigurationList = 40C4D0192EDFA46000932EAD /* Build configuration list for PBXProject "Cullinvoice" */;
			developmentRegion = en;
			hasScannedForEncodings = 0;
			knownRegions = (
				en,
				Base,
			);
			mainGroup = 40C4D0152EDFA46000932EAD;
			minimizedProjectReferenceProxies = 1;
			packageReferences = (
				62BF38E02EEB10E3009C9926 /* XCRemoteSwiftPackageReference "firebase-ios-sdk" */,
			);
			preferredProjectObjectVersion = 77;
			productRefGroup = 40C4D01F2EDFA46000932EAD /* Products */;
			projectDirPath = "";
			projectRoot = "";
			targets = (
				40C4D01D2EDFA46000932EAD /* Cullinvoice */,
				40C4D02A2EDFA46100932EAD /* CullinvoiceTests */,
				40C4D0342EDFA46100932EAD /* CullinvoiceUITests */,
			);
		};
/* End PBXProject section */

/* Begin PBXResourcesBuildPhase section */
		40C4D01C2EDFA46000932EAD /* Resources */ = {
			isa = PBXResourcesBuildPhase;
			buildActionMask = 2147483647;
			files = (
			);
			runOnlyForDeploymentPostprocessing = 0;
		};
		40C4D0292EDFA46100932EAD /* Resources */ = {
			isa = PBXResourcesBuildPhase;
			buildActionMask = 2147483647;
			files = (
			);
			runOnlyForDeploymentPostprocessing = 0;
		};
		40C4D0332EDFA46100932EAD /* Resources */ = {
			isa = PBXResourcesBuildPhase;
			buildActionMask = 2147483647;
			files = (
			);
			runOnlyForDeploymentPostprocessing = 0;
		};
/* End PBXResourcesBuildPhase section */

/* Begin PBXSourcesBuildPhase section */
		40C4D01A2EDFA46000932EAD /* Sources */ = {
			isa = PBXSourcesBuildPhase;
			buildActionMask = 2147483647;
			files = (
			);
			runOnlyForDeploymentPostprocessing = 0;
		};
		40C4D0272EDFA46100932EAD /* Sources */ = {
			isa = PBXSourcesBuildPhase;
			buildActionMask = 2147483647;
			files = (
			);
			runOnlyForDeploymentPostprocessing = 0;
		};
		40C4D0312EDFA46100932EAD /* Sources */ = {
			isa = PBXSourcesBuildPhase;
			buildActionMask = 2147483647;
			files = (
			);
			runOnlyForDeploymentPostprocessing = 0;
		};
/* End PBXSourcesBuildPhase section */

/* Begin PBXTargetDependency section */
		40C4D02D2EDFA46100932EAD /* PBXTargetDependency */ = {
			isa = PBXTargetDependency;
			target = 40C4D01D2EDFA46000932EAD /* Cullinvoice */;
			targetProxy = 40C4D02C2EDFA46100932EAD /* PBXContainerItemProxy */;
		};
		40C4D0372EDFA46100932EAD /* PBXTargetDependency */ = {
			isa = PBXTargetDependency;
			target = 40C4D01D2EDFA46000932EAD /* Cullinvoice */;
			targetProxy = 40C4D0362EDFA46100932EAD /* PBXContainerItemProxy */;
		};
/* End PBXTargetDependency section */

/* Begin XCBuildConfiguration section */
		40C4D03D2EDFA46100932EAD /* Debug */ = {
			isa = XCBuildConfiguration;
			buildSettings = {
				ALWAYS_SEARCH_USER_PATHS = NO;
				ASSETCATALOG_COMPILER_GENERATE_SWIFT_ASSET_SYMBOL_EXTENSIONS = YES;
				CLANG_ANALYZER_NONNULL = YES;
				CLANG_ANALYZER_NUMBER_OBJECT_CONVERSION = YES_AGGRESSIVE;
				CLANG_CXX_LANGUAGE_STANDARD = "gnu++20";
				CLANG_ENABLE_MODULES = YES;
				CLANG_ENABLE_OBJC_ARC = YES;
				CLANG_ENABLE_OBJC_WEAK = YES;
				CLANG_WARN_BLOCK_CAPTURE_AUTORELEASING = YES;
				CLANG_WARN_BOOL_CONVERSION = YES;
				CLANG_WARN_COMMA = YES;
				CLANG_WARN_CONSTANT_CONVERSION = YES;
				CLANG_WARN_DEPRECATED_OBJC_IMPLEMENTATIONS = YES;
				CLANG_WARN_DIRECT_OBJC_ISA_USAGE = YES_ERROR;
				CLANG_WARN_DOCUMENTATION_COMMENTS = YES;
				CLANG_WARN_EMPTY_BODY = YES;
				CLANG_WARN_ENUM_CONVERSION = YES;
				CLANG_WARN_INFINITE_RECURSION = YES;
				CLANG_WARN_INT_CONVERSION = YES;
				CLANG_WARN_NON_LITERAL_NULL_CONVERSION = YES;
				CLANG_WARN_OBJC_IMPLICIT_RETAIN_SELF = YES;
				CLANG_WARN_OBJC_LITERAL_CONVERSION = YES;
				CLANG_WARN_OBJC_ROOT_CLASS = YES_ERROR;
				CLANG_WARN_QUOTED_INCLUDE_IN_FRAMEWORK_HEADER = YES;
				CLANG_WARN_RANGE_LOOP_ANALYSIS = YES;
				CLANG_WARN_STRICT_PROTOTYPES = YES;
				CLANG_WARN_SUSPICIOUS_MOVE = YES;
				CLANG_WARN_UNGUARDED_AVAILABILITY = YES_AGGRESSIVE;
				CLANG_WARN_UNREACHABLE_CODE = YES;
				CLANG_WARN__DUPLICATE_METHOD_MATCH = YES;
				COPY_PHASE_STRIP = NO;
				DEBUG_INFORMATION_FORMAT = dwarf;
				DEVELOPMENT_TEAM = CYL86R5LK2;
				ENABLE_STRICT_OBJC_MSGSEND = YES;
				ENABLE_TESTABILITY = YES;
				ENABLE_USER_SCRIPT_SANDBOXING = YES;
				GCC_C_LANGUAGE_STANDARD = gnu17;
				GCC_DYNAMIC_NO_PIC = NO;
				GCC_NO_COMMON_BLOCKS = YES;
				GCC_OPTIMIZATION_LEVEL = 0;
				GCC_PREPROCESSOR_DEFINITIONS = (
					"DEBUG=1",
					"$(inherited)",
				);
				GCC_WARN_64_TO_32_BIT_CONVERSION = YES;
				GCC_WARN_ABOUT_RETURN_TYPE = YES_ERROR;
				GCC_WARN_UNDECLARED_SELECTOR = YES;
				GCC_WARN_UNINITIALIZED_AUTOS = YES_AGGRESSIVE;
				GCC_WARN_UNUSED_FUNCTION = YES;
				GCC_WARN_UNUSED_VARIABLE = YES;
				IPHONEOS_DEPLOYMENT_TARGET = 26.1;
				LOCALIZATION_PREFERS_STRING_CATALOGS = YES;
				MTL_ENABLE_DEBUG_INFO = INCLUDE_SOURCE;
				MTL_FAST_MATH = YES;
				ONLY_ACTIVE_ARCH = YES;
				SDKROOT = iphoneos;
				SWIFT_ACTIVE_COMPILATION_CONDITIONS = "DEBUG $(inherited)";
				SWIFT_OPTIMIZATION_LEVEL = "-Onone";
			};
			name = Debug;
		};
		40C4D03E2EDFA46100932EAD /* Release */ = {
			isa = XCBuildConfiguration;
			buildSettings = {
				ALWAYS_SEARCH_USER_PATHS = NO;
				ASSETCATALOG_COMPILER_GENERATE_SWIFT_ASSET_SYMBOL_EXTENSIONS = YES;
				CLANG_ANALYZER_NONNULL = YES;
				CLANG_ANALYZER_NUMBER_OBJECT_CONVERSION = YES_AGGRESSIVE;
				CLANG_CXX_LANGUAGE_STANDARD = "gnu++20";
				CLANG_ENABLE_MODULES = YES;
				CLANG_ENABLE_OBJC_ARC = YES;
				CLANG_ENABLE_OBJC_WEAK = YES;
				CLANG_WARN_BLOCK_CAPTURE_AUTORELEASING = YES;
				CLANG_WARN_BOOL_CONVERSION = YES;
				CLANG_WARN_COMMA = YES;
				CLANG_WARN_CONSTANT_CONVERSION = YES;
				CLANG_WARN_DEPRECATED_OBJC_IMPLEMENTATIONS = YES;
				CLANG_WARN_DIRECT_OBJC_ISA_USAGE = YES_ERROR;
				CLANG_WARN_DOCUMENTATION_COMMENTS = YES;
				CLANG_WARN_EMPTY_BODY = YES;
				CLANG_WARN_ENUM_CONVERSION = YES;
				CLANG_WARN_INFINITE_RECURSION = YES;
				CLANG_WARN_INT_CONVERSION = YES;
				CLANG_WARN_NON_LITERAL_NULL_CONVERSION = YES;
				CLANG_WARN_OBJC_IMPLICIT_RETAIN_SELF = YES;
				CLANG_WARN_OBJC_LITERAL_CONVERSION = YES;
				CLANG_WARN_OBJC_ROOT_CLASS = YES_ERROR;
				CLANG_WARN_QUOTED_INCLUDE_IN_FRAMEWORK_HEADER = YES;
				CLANG_WARN_RANGE_LOOP_ANALYSIS = YES;
				CLANG_WARN_STRICT_PROTOTYPES = YES;
				CLANG_WARN_SUSPICIOUS_MOVE = YES;
				CLANG_WARN_UNGUARDED_AVAILABILITY = YES_AGGRESSIVE;
				CLANG_WARN_UNREACHABLE_CODE = YES;
				CLANG_WARN__DUPLICATE_METHOD_MATCH = YES;
				COPY_PHASE_STRIP = NO;
				DEBUG_INFORMATION_FORMAT = "dwarf-with-dsym";
				DEVELOPMENT_TEAM = CYL86R5LK2;
				ENABLE_NS_ASSERTIONS = NO;
				ENABLE_STRICT_OBJC_MSGSEND = YES;
				ENABLE_USER_SCRIPT_SANDBOXING = YES;
				GCC_C_LANGUAGE_STANDARD = gnu17;
				GCC_NO_COMMON_BLOCKS = YES;
				GCC_WARN_64_TO_32_BIT_CONVERSION = YES;
				GCC_WARN_ABOUT_RETURN_TYPE = YES_ERROR;
				GCC_WARN_UNDECLARED_SELECTOR = YES;
				GCC_WARN_UNINITIALIZED_AUTOS = YES_AGGRESSIVE;
				GCC_WARN_UNUSED_FUNCTION = YES;
				GCC_WARN_UNUSED_VARIABLE = YES;
				IPHONEOS_DEPLOYMENT_TARGET = 26.1;
				LOCALIZATION_PREFERS_STRING_CATALOGS = YES;
				MTL_ENABLE_DEBUG_INFO = NO;
				MTL_FAST_MATH = YES;
				SDKROOT = iphoneos;
				SWIFT_COMPILATION_MODE = wholemodule;
				VALIDATE_PRODUCT = YES;
			};
			name = Release;
		};
		40C4D0402EDFA46100932EAD /* Debug */ = {
			isa = XCBuildConfiguration;
			buildSettings = {
				ASSETCATALOG_COMPILER_APPICON_NAME = AppIcon;
				ASSETCATALOG_COMPILER_GLOBAL_ACCENT_COLOR_NAME = AccentColor;
				CODE_SIGN_STYLE = Automatic;
				CURRENT_PROJECT_VERSION = 1;
				DEVELOPMENT_TEAM = CYL86R5LK2;
				ENABLE_PREVIEWS = YES;
				GENERATE_INFOPLIST_FILE = YES;
				INFOPLIST_KEY_CFBundleDisplayName = Cullinvoice;
				INFOPLIST_KEY_LSApplicationCategoryType = "public.app-category.finance";
				INFOPLIST_KEY_UIApplicationSceneManifest_Generation = YES;
				INFOPLIST_KEY_UIApplicationSupportsIndirectInputEvents = YES;
				INFOPLIST_KEY_UILaunchScreen_Generation = YES;
				INFOPLIST_KEY_UISupportedInterfaceOrientations_iPad = "UIInterfaceOrientationPortrait UIInterfaceOrientationPortraitUpsideDown UIInterfaceOrientationLandscapeLeft UIInterfaceOrientationLandscapeRight";
				INFOPLIST_KEY_UISupportedInterfaceOrientations_iPhone = "UIInterfaceOrientationPortrait UIInterfaceOrientationLandscapeLeft UIInterfaceOrientationLandscapeRight";
				LD_RUNPATH_SEARCH_PATHS = (
					"$(inherited)",
					"@executable_path/Frameworks",
				);
				MARKETING_VERSION = 1.0;
				PRODUCT_BUNDLE_IDENTIFIER = IOSApps.Cullinvoice;
				PRODUCT_NAME = "$(TARGET_NAME)";
				STRING_CATALOG_GENERATE_SYMBOLS = YES;
				SWIFT_APPROACHABLE_CONCURRENCY = YES;
				SWIFT_DEFAULT_ACTOR_ISOLATION = MainActor;
				SWIFT_EMIT_LOC_STRINGS = YES;
				SWIFT_UPCOMING_FEATURE_MEMBER_IMPORT_VISIBILITY = YES;
				SWIFT_VERSION = 5.0;
				TARGETED_DEVICE_FAMILY = "1,2";
			};
			name = Debug;
		};
		40C4D0412EDFA46100932EAD /* Release */ = {
			isa = XCBuildConfiguration;
			buildSettings = {
				ASSETCATALOG_COMPILER_APPICON_NAME = AppIcon;
				ASSETCATALOG_COMPILER_GLOBAL_ACCENT_COLOR_NAME = AccentColor;
				CODE_SIGN_STYLE = Automatic;
				CURRENT_PROJECT_VERSION = 1;
				DEVELOPMENT_TEAM = CYL86R5LK2;
				ENABLE_PREVIEWS = YES;
				GENERATE_INFOPLIST_FILE = YES;
				INFOPLIST_KEY_CFBundleDisplayName = Cullinvoice;
				INFOPLIST_KEY_LSApplicationCategoryType = "public.app-category.finance";
				INFOPLIST_KEY_UIApplicationSceneManifest_Generation = YES;
				INFOPLIST_KEY_UIApplicationSupportsIndirectInputEvents = YES;
				INFOPLIST_KEY_UILaunchScreen_Generation = YES;
				INFOPLIST_KEY_UISupportedInterfaceOrientations_iPad = "UIInterfaceOrientationPortrait UIInterfaceOrientationPortraitUpsideDown UIInterfaceOrientationLandscapeLeft UIInterfaceOrientationLandscapeRight";
				INFOPLIST_KEY_UISupportedInterfaceOrientations_iPhone = "UIInterfaceOrientationPortrait UIInterfaceOrientationLandscapeLeft UIInterfaceOrientationLandscapeRight";
				LD_RUNPATH_SEARCH_PATHS = (
					"$(inherited)",
					"@executable_path/Frameworks",
				);
				MARKETING_VERSION = 1.0;
				PRODUCT_BUNDLE_IDENTIFIER = IOSApps.Cullinvoice;
				PRODUCT_NAME = "$(TARGET_NAME)";
				STRING_CATALOG_GENERATE_SYMBOLS = YES;
				SWIFT_APPROACHABLE_CONCURRENCY = YES;
				SWIFT_DEFAULT_ACTOR_ISOLATION = MainActor;
				SWIFT_EMIT_LOC_STRINGS = YES;
				SWIFT_UPCOMING_FEATURE_MEMBER_IMPORT_VISIBILITY = YES;
				SWIFT_VERSION = 5.0;
				TARGETED_DEVICE_FAMILY = "1,2";
			};
			name = Release;
		};
		40C4D0432EDFA46100932EAD /* Debug */ = {
			isa = XCBuildConfiguration;
			buildSettings = {
				BUNDLE_LOADER = "$(TEST_HOST)";
				"CODE_SIGN_IDENTITY[sdk=macosx*]" = "Apple Development";
				CODE_SIGN_STYLE = Automatic;
				CURRENT_PROJECT_VERSION = 1;
				DEVELOPMENT_TEAM = CYL86R5LK2;
				GENERATE_INFOPLIST_FILE = YES;
				IPHONEOS_DEPLOYMENT_TARGET = 26.1;
				MARKETING_VERSION = 1.0;
				PRODUCT_BUNDLE_IDENTIFIER = IOSApps.CullinvoiceTests;
				"PRODUCT_BUNDLE_IDENTIFIER[sdk=macosx*]" = IOSApps.Cullinvoice;
				PRODUCT_NAME = "$(TARGET_NAME)";
				STRING_CATALOG_GENERATE_SYMBOLS = NO;
				SWIFT_APPROACHABLE_CONCURRENCY = YES;
				SWIFT_EMIT_LOC_STRINGS = NO;
				SWIFT_UPCOMING_FEATURE_MEMBER_IMPORT_VISIBILITY = YES;
				SWIFT_VERSION = 5.0;
				TARGETED_DEVICE_FAMILY = "1,2";
				TEST_HOST = "$(BUILT_PRODUCTS_DIR)/Cullinvoice.app/$(BUNDLE_EXECUTABLE_FOLDER_PATH)/Cullinvoice";
			};
			name = Debug;
		};
		40C4D0442EDFA46100932EAD /* Release */ = {
			isa = XCBuildConfiguration;
			buildSettings = {
				BUNDLE_LOADER = "$(TEST_HOST)";
				"CODE_SIGN_IDENTITY[sdk=macosx*]" = "Apple Development";
				CODE_SIGN_STYLE = Automatic;
				CURRENT_PROJECT_VERSION = 1;
				DEVELOPMENT_TEAM = CYL86R5LK2;
				GENERATE_INFOPLIST_FILE = YES;
				IPHONEOS_DEPLOYMENT_TARGET = 26.1;
				MARKETING_VERSION = 1.0;
				PRODUCT_BUNDLE_IDENTIFIER = IOSApps.CullinvoiceTests;
				"PRODUCT_BUNDLE_IDENTIFIER[sdk=macosx*]" = IOSApps.Cullinvoice;
				PRODUCT_NAME = "$(TARGET_NAME)";
				STRING_CATALOG_GENERATE_SYMBOLS = NO;
				SWIFT_APPROACHABLE_CONCURRENCY = YES;
				SWIFT_EMIT_LOC_STRINGS = NO;
				SWIFT_UPCOMING_FEATURE_MEMBER_IMPORT_VISIBILITY = YES;
				SWIFT_VERSION = 5.0;
				TARGETED_DEVICE_FAMILY = "1,2";
				TEST_HOST = "$(BUILT_PRODUCTS_DIR)/Cullinvoice.app/$(BUNDLE_EXECUTABLE_FOLDER_PATH)/Cullinvoice";
			};
			name = Release;
		};
		40C4D0462EDFA46100932EAD /* Debug */ = {
			isa = XCBuildConfiguration;
			buildSettings = {
				"CODE_SIGN_IDENTITY[sdk=macosx*]" = "Apple Development";
				CODE_SIGN_STYLE = Automatic;
				CURRENT_PROJECT_VERSION = 1;
				DEVELOPMENT_TEAM = CYL86R5LK2;
				GENERATE_INFOPLIST_FILE = YES;
				MARKETING_VERSION = 1.0;
				PRODUCT_BUNDLE_IDENTIFIER = IOSApps.CullinvoiceUITests;
				PRODUCT_NAME = "$(TARGET_NAME)";
				STRING_CATALOG_GENERATE_SYMBOLS = NO;
				SWIFT_APPROACHABLE_CONCURRENCY = YES;
				SWIFT_EMIT_LOC_STRINGS = NO;
				SWIFT_UPCOMING_FEATURE_MEMBER_IMPORT_VISIBILITY = YES;
				SWIFT_VERSION = 5.0;
				TARGETED_DEVICE_FAMILY = "1,2";
				TEST_TARGET_NAME = Cullinvoice;
			};
			name = Debug;
		};
		40C4D0472EDFA46100932EAD /* Release */ = {
			isa = XCBuildConfiguration;
			buildSettings = {
				"CODE_SIGN_IDENTITY[sdk=macosx*]" = "Apple Development";
				CODE_SIGN_STYLE = Automatic;
				CURRENT_PROJECT_VERSION = 1;
				DEVELOPMENT_TEAM = CYL86R5LK2;
				GENERATE_INFOPLIST_FILE = YES;
				MARKETING_VERSION = 1.0;
				PRODUCT_BUNDLE_IDENTIFIER = IOSApps.CullinvoiceUITests;
				PRODUCT_NAME = "$(TARGET_NAME)";
				STRING_CATALOG_GENERATE_SYMBOLS = NO;
				SWIFT_APPROACHABLE_CONCURRENCY = YES;
				SWIFT_EMIT_LOC_STRINGS = NO;
				SWIFT_UPCOMING_FEATURE_MEMBER_IMPORT_VISIBILITY = YES;
				SWIFT_VERSION = 5.0;
				TARGETED_DEVICE_FAMILY = "1,2";
				TEST_TARGET_NAME = Cullinvoice;
			};
			name = Release;
		};
/* End XCBuildConfiguration section */

/* Begin XCConfigurationList section */
		40C4D0192EDFA46000932EAD /* Build configuration list for PBXProject "Cullinvoice" */ = {
			isa = XCConfigurationList;
			buildConfigurations = (
				40C4D03D2EDFA46100932EAD /* Debug */,
				40C4D03E2EDFA46100932EAD /* Release */,
			);
			defaultConfigurationIsVisible = 0;
			defaultConfigurationName = Release;
		};
		40C4D03F2EDFA46100932EAD /* Build configuration list for PBXNativeTarget "Cullinvoice" */ = {
			isa = XCConfigurationList;
			buildConfigurations = (
				40C4D0402EDFA46100932EAD /* Debug */,
				40C4D0412EDFA46100932EAD /* Release */,
			);
			defaultConfigurationIsVisible = 0;
			defaultConfigurationName = Release;
		};
		40C4D0422EDFA46100932EAD /* Build configuration list for PBXNativeTarget "CullinvoiceTests" */ = {
			isa = XCConfigurationList;
			buildConfigurations = (
				40C4D0432EDFA46100932EAD /* Debug */,
				40C4D0442EDFA46100932EAD /* Release */,
			);
			defaultConfigurationIsVisible = 0;
			defaultConfigurationName = Release;
		};
		40C4D0452EDFA46100932EAD /* Build configuration list for PBXNativeTarget "CullinvoiceUITests" */ = {
			isa = XCConfigurationList;
			buildConfigurations = (
				40C4D0462EDFA46100932EAD /* Debug */,
				40C4D0472EDFA46100932EAD /* Release */,
			);
			defaultConfigurationIsVisible = 0;
			defaultConfigurationName = Release;
		};
/* End XCConfigurationList section */

/* Begin XCRemoteSwiftPackageReference section */
		62BF38E02EEB10E3009C9926 /* XCRemoteSwiftPackageReference "firebase-ios-sdk" */ = {
			isa = XCRemoteSwiftPackageReference;
			repositoryURL = "https://github.com/firebase/firebase-ios-sdk";
			requirement = {
				kind = upToNextMajorVersion;
				minimumVersion = 12.7.0;
			};
		};
/* End XCRemoteSwiftPackageReference section */

/* Begin XCSwiftPackageProductDependency section */
		62BF38E12EEB10E3009C9926 /* FirebaseAuth */ = {
			isa = XCSwiftPackageProductDependency;
			package = 62BF38E02EEB10E3009C9926 /* XCRemoteSwiftPackageReference "firebase-ios-sdk" */;
			productName = FirebaseAuth;
		};
		62BF38E32EEB10E3009C9926 /* FirebaseCore */ = {
			isa = XCSwiftPackageProductDependency;
			package = 62BF38E02EEB10E3009C9926 /* XCRemoteSwiftPackageReference "firebase-ios-sdk" */;
			productName = FirebaseCore;
		};
		62BF38E52EEB10E3009C9926 /* FirebaseFirestore */ = {
			isa = XCSwiftPackageProductDependency;
			package = 62BF38E02EEB10E3009C9926 /* XCRemoteSwiftPackageReference "firebase-ios-sdk" */;
			productName = FirebaseFirestore;
		};
/* End XCSwiftPackageProductDependency section */
	};
	rootObject = 40C4D0162EDFA46000932EAD /* Project object */;
}
